
Microsoft Visual Studio Solution File, Format Version 12.00
# Visual Studio Version 16
VisualStudioVersion = 16.0.30406.217
MinimumVisualStudioVersion = 10.0.40219.1
Project("{FAE04EC0-301F-11D3-BF4B-00C04F79EFBC}") = "JournalAccountingBlanqui", "JournalAccountingBlanqui\JournalAccountingBlanqui.csproj", "{98D02FE3-EE62-4607-8C90-C1FA6309A483}"
EndProject
Global
	GlobalSection(SolutionConfigurationPlatforms) = preSolution
		Debug|Any CPU = Debug|Any CPU
		Release|Any CPU = Release|Any CPU
	EndGlobalSection
	GlobalSection(ProjectConfigurationPlatforms) = postSolution
		{98D02FE3-EE62-4607-8C90-C1FA6309A483}.Debug|Any CPU.ActiveCfg = Debug|Any CPU
		{98D02FE3-EE62-4607-8C90-C1FA6309A483}.Debug|Any CPU.Build.0 = Debug|Any CPU
		{98D02FE3-EE62-4607-8C90-C1FA6309A483}.Release|Any CPU.ActiveCfg = Release|Any CPU
		{98D02FE3-EE62-4607-8C90-C1FA6309A483}.Release|Any CPU.Build.0 = Release|Any CPU
	EndGlobalSection
	GlobalSection(SolutionProperties) = preSolution
		HideSolutionNode = FALSE
	EndGlobalSection
	GlobalSection(ExtensibilityGlobals) = postSolution
		SolutionGuid = {8EC98F51-80D1-4ED6-B682-E061ECB80CF3}
	EndGlobalSection
EndGlobal
